// !$*UTF8*$!
{
	archiveVersion = 1;
	classes = {
	};
	objectVersion = 77;
	objects = {

/* Begin PBXContainerItemProxy section */
		830E20C62DD3782100E874E9 /* PBXContainerItemProxy */ = {
			isa = PBXContainerItemProxy;
			containerPortal = 830E20AD2DD3781E00E874E9 /* Project object */;
			proxyType = 1;
			remoteGlobalIDString = 830E20B42DD3781E00E874E9;
			remoteInfo = TestCICDWithBitrise;
		};
		830E20D02DD3782100E874E9 /* PBXContainerItemProxy */ = {
			isa = PBXContainerItemProxy;
			containerPortal = 830E20AD2DD3781E00E874E9 /* Project object */;
			proxyType = 1;
			remoteGlobalIDString = 830E20B42DD3781E00E874E9;
			remoteInfo = TestCICDWithBitrise;
		};
/* End PBXContainerItemProxy section */

/* Begin PBXFileReference section */
		830E20B52DD3781F00E874E9 /* TestCICDWithBitrise.app */ = {isa = PBXFileReference; explicitFileType = wrapper.application; includeInIndex = 0; path = TestCICDWithBitrise.app; sourceTree = BUILT_PRODUCTS_DIR; };
		830E20C52DD3782100E874E9 /* TestCICDWithBitriseTests.xctest */ = {isa = PBXFileReference; explicitFileType = wrapper.cfbundle; includeInIndex = 0; path = TestCICDWithBitriseTests.xctest; sourceTree = BUILT_PRODUCTS_DIR; };
		830E20CF2DD3782100E874E9 /* TestCICDWithBitriseUITests.xctest */ = {isa = PBXFileReference; explicitFileType = wrapper.cfbundle; includeInIndex = 0; path = TestCICDWithBitriseUITests.xctest; sourceTree = BUILT_PRODUCTS_DIR; };
/* End PBXFileReference section */

/* Begin PBXFileSystemSynchronizedRootGroup section */
		830E20B72DD3781F00E874E9 /* TestCICDWithBitrise */ = {
			isa = PBXFileSystemSynchronizedRootGroup;
			path = TestCICDWithBitrise;
			sourceTree = "<group>";
		};
		830E20C82DD3782100E874E9 /* TestCICDWithBitriseTests */ = {
			isa = PBXFileSystemSynchronizedRootGroup;
			path = TestCICDWithBitriseTests;
			sourceTree = "<group>";
		};
		830E20D22DD3782100E874E9 /* TestCICDWithBitriseUITests */ = {
			isa = PBXFileSystemSynchronizedRootGroup;
			path = TestCICDWithBitriseUITests;
			sourceTree = "<group>";
		};
/* End PBXFileSystemSynchronizedRootGroup section */

/* Begin PBXFrameworksBuildPhase section */
		830E20B22DD3781E00E874E9 /* Frameworks */ = {
			isa = PBXFrameworksBuildPhase;
			buildActionMask = 2147483647;
			files = (
			);
			runOnlyForDeploymentPostprocessing = 0;
		};
		830E20C22DD3782100E874E9 /* Frameworks */ = {
			isa = PBXFrameworksBuildPhase;
			buildActionMask = 2147483647;
			files = (
			);
			runOnlyForDeploymentPostprocessing = 0;
		};
		830E20CC2DD3782100E874E9 /* Frameworks */ = {
			isa = PBXFrameworksBuildPhase;
			buildActionMask = 2147483647;
			files = (
			);
			runOnlyForDeploymentPostprocessing = 0;
		};
/* End PBXFrameworksBuildPhase section */

/* Begin PBXGroup section */
		830E20AC2DD3781E00E874E9 = {
			isa = PBXGroup;
			children = (
				830E20B72DD3781F00E874E9 /* TestCICDWithBitrise */,
				830E20C82DD3782100E874E9 /* TestCICDWithBitriseTests */,
				830E20D22DD3782100E874E9 /* TestCICDWithBitriseUITests */,
				830E20B62DD3781F00E874E9 /* Products */,
			);
			sourceTree = "<group>";
		};
		830E20B62DD3781F00E874E9 /* Products */ = {
			isa = PBXGroup;
			children = (
				830E20B52DD3781F00E874E9 /* TestCICDWithBitrise.app */,
				830E20C52DD3782100E874E9 /* TestCICDWithBitriseTests.xctest */,
				830E20CF2DD3782100E874E9 /* TestCICDWithBitriseUITests.xctest */,
			);
			name = Products;
			sourceTree = "<group>";
		};
/* End PBXGroup section */

/* Begin PBXNativeTarget section */
		830E20B42DD3781E00E874E9 /* TestCICDWithBitrise */ = {
			isa = PBXNativeTarget;
			buildConfigurationList = 830E20D92DD3782100E874E9 /* Build configuration list for PBXNativeTarget "TestCICDWithBitrise" */;
			buildPhases = (
				830E20B12DD3781E00E874E9 /* Sources */,
				830E20B22DD3781E00E874E9 /* Frameworks */,
				830E20B32DD3781E00E874E9 /* Resources */,
			);
			buildRules = (
			);
			dependencies = (
			);
			fileSystemSynchronizedGroups = (
				830E20B72DD3781F00E874E9 /* TestCICDWithBitrise */,
			);
			name = TestCICDWithBitrise;
			packageProductDependencies = (
			);
			productName = TestCICDWithBitrise;
			productReference = 830E20B52DD3781F00E874E9 /* TestCICDWithBitrise.app */;
			productType = "com.apple.product-type.application";
		};
		830E20C42DD3782100E874E9 /* TestCICDWithBitriseTests */ = {
			isa = PBXNativeTarget;
			buildConfigurationList = 830E20DC2DD3782100E874E9 /* Build configuration list for PBXNativeTarget "TestCICDWithBitriseTests" */;
			buildPhases = (
				830E20C12DD3782100E874E9 /* Sources */,
				830E20C22DD3782100E874E9 /* Frameworks */,
				830E20C32DD3782100E874E9 /* Resources */,
			);
			buildRules = (
			);
			dependencies = (
				830E20C72DD3782100E874E9 /* PBXTargetDependency */,
			);
			fileSystemSynchronizedGroups = (
				830E20C82DD3782100E874E9 /* TestCICDWithBitriseTests */,
			);
			name = TestCICDWithBitriseTests;
			packageProductDependencies = (
			);
			productName = TestCICDWithBitriseTests;
			productReference = 830E20C52DD3782100E874E9 /* TestCICDWithBitriseTests.xctest */;
			productType = "com.apple.product-type.bundle.unit-test";
		};
		830E20CE2DD3782100E874E9 /* TestCICDWithBitriseUITests */ = {
			isa = PBXNativeTarget;
			buildConfigurationList = 830E20DF2DD3782100E874E9 /* Build configuration list for PBXNativeTarget "TestCICDWithBitriseUITests" */;
			buildPhases = (
				830E20CB2DD3782100E874E9 /* Sources */,
				830E20CC2DD3782100E874E9 /* Frameworks */,
				830E20CD2DD3782100E874E9 /* Resources */,
			);
			buildRules = (
			);
			dependencies = (
				830E20D12DD3782100E874E9 /* PBXTargetDependency */,
			);
			fileSystemSynchronizedGroups = (
				830E20D22DD3782100E874E9 /* TestCICDWithBitriseUITests */,
			);
			name = TestCICDWithBitriseUITests;
			packageProductDependencies = (
			);
			productName = TestCICDWithBitriseUITests;
			productReference = 830E20CF2DD3782100E874E9 /* TestCICDWithBitriseUITests.xctest */;
			productType = "com.apple.product-type.bundle.ui-testing";
		};
/* End PBXNativeTarget section */

/* Begin PBXProject section */
		830E20AD2DD3781E00E874E9 /* Project object */ = {
			isa = PBXProject;
			attributes = {
				BuildIndependentTargetsInParallel = 1;
				LastSwiftUpdateCheck = 1620;
				LastUpgradeCheck = 1620;
				TargetAttributes = {
					830E20B42DD3781E00E874E9 = {
						CreatedOnToolsVersion = 16.2;
					};
					830E20C42DD3782100E874E9 = {
						CreatedOnToolsVersion = 16.2;
						TestTargetID = 830E20B42DD3781E00E874E9;
					};
					830E20CE2DD3782100E874E9 = {
						CreatedOnToolsVersion = 16.2;
						TestTargetID = 830E20B42DD3781E00E874E9;
					};
				};
			};
			buildConfigurationList = 830E20B02DD3781E00E874E9 /* Build configuration list for PBXProject "TestCICDWithBitrise" */;
			developmentRegion = en;
			hasScannedForEncodings = 0;
			knownRegions = (
				en,
				Base,
			);
			mainGroup = 830E20AC2DD3781E00E874E9;
			minimizedProjectReferenceProxies = 1;
			preferredProjectObjectVersion = 77;
			productRefGroup = 830E20B62DD3781F00E874E9 /* Products */;
			projectDirPath = "";
			projectRoot = "";
			targets = (
				830E20B42DD3781E00E874E9 /* TestCICDWithBitrise */,
				830E20C42DD3782100E874E9 /* TestCICDWithBitriseTests */,
				830E20CE2DD3782100E874E9 /* TestCICDWithBitriseUITests */,
			);
		};
/* End PBXProject section */

/* Begin PBXResourcesBuildPhase section */
		830E20B32DD3781E00E874E9 /* Resources */ = {
			isa = PBXResourcesBuildPhase;
			buildActionMask = 2147483647;
			files = (
			);
			runOnlyForDeploymentPostprocessing = 0;
		};
		830E20C32DD3782100E874E9 /* Resources */ = {
			isa = PBXResourcesBuildPhase;
			buildActionMask = 2147483647;
			files = (
			);
			runOnlyForDeploymentPostprocessing = 0;
		};
		830E20CD2DD3782100E874E9 /* Resources */ = {
			isa = PBXResourcesBuildPhase;
			buildActionMask = 2147483647;
			files = (
			);
			runOnlyForDeploymentPostprocessing = 0;
		};
/* End PBXResourcesBuildPhase section */

/* Begin PBXSourcesBuildPhase section */
		830E20B12DD3781E00E874E9 /* Sources */ = {
			isa = PBXSourcesBuildPhase;
			buildActionMask = 2147483647;
			files = (
			);
			runOnlyForDeploymentPostprocessing = 0;
		};
		830E20C12DD3782100E874E9 /* Sources */ = {
			isa = PBXSourcesBuildPhase;
			buildActionMask = 2147483647;
			files = (
			);
			runOnlyForDeploymentPostprocessing = 0;
		};
		830E20CB2DD3782100E874E9 /* Sources */ = {
			isa = PBXSourcesBuildPhase;
			buildActionMask = 2147483647;
			files = (
			);
			runOnlyForDeploymentPostprocessing = 0;
		};
/* End PBXSourcesBuildPhase section */

/* Begin PBXTargetDependency section */
		830E20C72DD3782100E874E9 /* PBXTargetDependency */ = {
			isa = PBXTargetDependency;
			target = 830E20B42DD3781E00E874E9 /* TestCICDWithBitrise */;
			targetProxy = 830E20C62DD3782100E874E9 /* PBXContainerItemProxy */;
		};
		830E20D12DD3782100E874E9 /* PBXTargetDependency */ = {
			isa = PBXTargetDependency;
			target = 830E20B42DD3781E00E874E9 /* TestCICDWithBitrise */;
			targetProxy = 830E20D02DD3782100E874E9 /* PBXContainerItemProxy */;
		};
/* End PBXTargetDependency section */

/* Begin XCBuildConfiguration section */
		830E20D72DD3782100E874E9 /* Debug */ = {
			isa = XCBuildConfiguration;
			buildSettings = {
				ALWAYS_SEARCH_USER_PATHS = NO;
				ASSETCATALOG_COMPILER_GENERATE_SWIFT_ASSET_SYMBOL_EXTENSIONS = YES;
				CLANG_ANALYZER_NONNULL = YES;
				CLANG_ANALYZER_NUMBER_OBJECT_CONVERSION = YES_AGGRESSIVE;
				CLANG_CXX_LANGUAGE_STANDARD = "gnu++20";
				CLANG_ENABLE_MODULES = YES;
				CLANG_ENABLE_OBJC_ARC = YES;
				CLANG_ENABLE_OBJC_WEAK = YES;
				CLANG_WARN_BLOCK_CAPTURE_AUTORELEASING = YES;
				CLANG_WARN_BOOL_CONVERSION = YES;
				CLANG_WARN_COMMA = YES;
				CLANG_WARN_CONSTANT_CONVERSION = YES;
				CLANG_WARN_DEPRECATED_OBJC_IMPLEMENTATIONS = YES;
				CLANG_WARN_DIRECT_OBJC_ISA_USAGE = YES_ERROR;
				CLANG_WARN_DOCUMENTATION_COMMENTS = YES;
				CLANG_WARN_EMPTY_BODY = YES;
				CLANG_WARN_ENUM_CONVERSION = YES;
				CLANG_WARN_INFINITE_RECURSION = YES;
				CLANG_WARN_INT_CONVERSION = YES;
				CLANG_WARN_NON_LITERAL_NULL_CONVERSION = YES;
				CLANG_WARN_OBJC_IMPLICIT_RETAIN_SELF = YES;
				CLANG_WARN_OBJC_LITERAL_CONVERSION = YES;
				CLANG_WARN_OBJC_ROOT_CLASS = YES_ERROR;
				CLANG_WARN_QUOTED_INCLUDE_IN_FRAMEWORK_HEADER = YES;
				CLANG_WARN_RANGE_LOOP_ANALYSIS = YES;
				CLANG_WARN_STRICT_PROTOTYPES = YES;
				CLANG_WARN_SUSPICIOUS_MOVE = YES;
				CLANG_WARN_UNGUARDED_AVAILABILITY = YES_AGGRESSIVE;
				CLANG_WARN_UNREACHABLE_CODE = YES;
				CLANG_WARN__DUPLICATE_METHOD_MATCH = YES;
				COPY_PHASE_STRIP = NO;
				DEBUG_INFORMATION_FORMAT = dwarf;
				ENABLE_STRICT_OBJC_MSGSEND = YES;
				ENABLE_TESTABILITY = YES;
				ENABLE_USER_SCRIPT_SANDBOXING = YES;
				GCC_C_LANGUAGE_STANDARD = gnu17;
				GCC_DYNAMIC_NO_PIC = NO;
				GCC_NO_COMMON_BLOCKS = YES;
				GCC_OPTIMIZATION_LEVEL = 0;
				GCC_PREPROCESSOR_DEFINITIONS = (
					"DEBUG=1",
					"$(inherited)",
				);
				GCC_WARN_64_TO_32_BIT_CONVERSION = YES;
				GCC_WARN_ABOUT_RETURN_TYPE = YES_ERROR;
				GCC_WARN_UNDECLARED_SELECTOR = YES;
				GCC_WARN_UNINITIALIZED_AUTOS = YES_AGGRESSIVE;
				GCC_WARN_UNUSED_FUNCTION = YES;
				GCC_WARN_UNUSED_VARIABLE = YES;
				IPHONEOS_DEPLOYMENT_TARGET = 18.2;
				LOCALIZATION_PREFERS_STRING_CATALOGS = YES;
				MTL_ENABLE_DEBUG_INFO = INCLUDE_SOURCE;
				MTL_FAST_MATH = YES;
				ONLY_ACTIVE_ARCH = YES;
				SDKROOT = iphoneos;
				SWIFT_ACTIVE_COMPILATION_CONDITIONS = "DEBUG $(inherited)";
				SWIFT_OPTIMIZATION_LEVEL = "-Onone";
			};
			name = Debug;
		};
		830E20D82DD3782100E874E9 /* Release */ = {
			isa = XCBuildConfiguration;
			buildSettings = {
				ALWAYS_SEARCH_USER_PATHS = NO;
				ASSETCATALOG_COMPILER_GENERATE_SWIFT_ASSET_SYMBOL_EXTENSIONS = YES;
				CLANG_ANALYZER_NONNULL = YES;
				CLANG_ANALYZER_NUMBER_OBJECT_CONVERSION = YES_AGGRESSIVE;
				CLANG_CXX_LANGUAGE_STANDARD = "gnu++20";
				CLANG_ENABLE_MODULES = YES;
				CLANG_ENABLE_OBJC_ARC = YES;
				CLANG_ENABLE_OBJC_WEAK = YES;
				CLANG_WARN_BLOCK_CAPTURE_AUTORELEASING = YES;
				CLANG_WARN_BOOL_CONVERSION = YES;
				CLANG_WARN_COMMA = YES;
				CLANG_WARN_CONSTANT_CONVERSION = YES;
				CLANG_WARN_DEPRECATED_OBJC_IMPLEMENTATIONS = YES;
				CLANG_WARN_DIRECT_OBJC_ISA_USAGE = YES_ERROR;
				CLANG_WARN_DOCUMENTATION_COMMENTS = YES;
				CLANG_WARN_EMPTY_BODY = YES;
				CLANG_WARN_ENUM_CONVERSION = YES;
				CLANG_WARN_INFINITE_RECURSION = YES;
				CLANG_WARN_INT_CONVERSION = YES;
				CLANG_WARN_NON_LITERAL_NULL_CONVERSION = YES;
				CLANG_WARN_OBJC_IMPLICIT_RETAIN_SELF = YES;
				CLANG_WARN_OBJC_LITERAL_CONVERSION = YES;
				CLANG_WARN_OBJC_ROOT_CLASS = YES_ERROR;
				CLANG_WARN_QUOTED_INCLUDE_IN_FRAMEWORK_HEADER = YES;
				CLANG_WARN_RANGE_LOOP_ANALYSIS = YES;
				CLANG_WARN_STRICT_PROTOTYPES = YES;
				CLANG_WARN_SUSPICIOUS_MOVE = YES;
				CLANG_WARN_UNGUARDED_AVAILABILITY = YES_AGGRESSIVE;
				CLANG_WARN_UNREACHABLE_CODE = YES;
				CLANG_WARN__DUPLICATE_METHOD_MATCH = YES;
				COPY_PHASE_STRIP = NO;
				DEBUG_INFORMATION_FORMAT = "dwarf-with-dsym";
				ENABLE_NS_ASSERTIONS = NO;
				ENABLE_STRICT_OBJC_MSGSEND = YES;
				ENABLE_USER_SCRIPT_SANDBOXING = YES;
				GCC_C_LANGUAGE_STANDARD = gnu17;
				GCC_NO_COMMON_BLOCKS = YES;
				GCC_WARN_64_TO_32_BIT_CONVERSION = YES;
				GCC_WARN_ABOUT_RETURN_TYPE = YES_ERROR;
				GCC_WARN_UNDECLARED_SELECTOR = YES;
				GCC_WARN_UNINITIALIZED_AUTOS = YES_AGGRESSIVE;
				GCC_WARN_UNUSED_FUNCTION = YES;
				GCC_WARN_UNUSED_VARIABLE = YES;
				IPHONEOS_DEPLOYMENT_TARGET = 18.2;
				LOCALIZATION_PREFERS_STRING_CATALOGS = YES;
				MTL_ENABLE_DEBUG_INFO = NO;
				MTL_FAST_MATH = YES;
				SDKROOT = iphoneos;
				SWIFT_COMPILATION_MODE = wholemodule;
				VALIDATE_PRODUCT = YES;
			};
			name = Release;
		};
		830E20DA2DD3782100E874E9 /* Debug */ = {
			isa = XCBuildConfiguration;
			buildSettings = {
				ASSETCATALOG_COMPILER_APPICON_NAME = AppIcon;
				ASSETCATALOG_COMPILER_GLOBAL_ACCENT_COLOR_NAME = AccentColor;
				CODE_SIGN_STYLE = Automatic;
				CURRENT_PROJECT_VERSION = 1;
				DEVELOPMENT_ASSET_PATHS = "\"TestCICDWithBitrise/Preview Content\"";
				DEVELOPMENT_TEAM = L35MVZ453P;
				ENABLE_PREVIEWS = YES;
				GENERATE_INFOPLIST_FILE = YES;
				INFOPLIST_KEY_UIApplicationSceneManifest_Generation = YES;
				INFOPLIST_KEY_UIApplicationSupportsIndirectInputEvents = YES;
				INFOPLIST_KEY_UILaunchScreen_Generation = YES;
				INFOPLIST_KEY_UISupportedInterfaceOrientations_iPad = "UIInterfaceOrientationPortrait UIInterfaceOrientationPortraitUpsideDown UIInterfaceOrientationLandscapeLeft UIInterfaceOrientationLandscapeRight";
				INFOPLIST_KEY_UISupportedInterfaceOrientations_iPhone = "UIInterfaceOrientationPortrait UIInterfaceOrientationLandscapeLeft UIInterfaceOrientationLandscapeRight";
				LD_RUNPATH_SEARCH_PATHS = (
					"$(inherited)",
					"@executable_path/Frameworks",
				);
				MARKETING_VERSION = 1.0;
				PRODUCT_BUNDLE_IDENTIFIER = "com.kenta-suzuki.TestCICDWithBitrise";
				PRODUCT_NAME = "$(TARGET_NAME)";
				SWIFT_EMIT_LOC_STRINGS = YES;
				SWIFT_VERSION = 5.0;
				TARGETED_DEVICE_FAMILY = "1,2";
			};
			name = Debug;
		};
		830E20DB2DD3782100E874E9 /* Release */ = {
			isa = XCBuildConfiguration;
			buildSettings = {
				ASSETCATALOG_COMPILER_APPICON_NAME = AppIcon;
				ASSETCATALOG_COMPILER_GLOBAL_ACCENT_COLOR_NAME = AccentColor;
				CODE_SIGN_STYLE = Automatic;
				CURRENT_PROJECT_VERSION = 1;
				DEVELOPMENT_ASSET_PATHS = "\"TestCICDWithBitrise/Preview Content\"";
				DEVELOPMENT_TEAM = L35MVZ453P;
				ENABLE_PREVIEWS = YES;
				GENERATE_INFOPLIST_FILE = YES;
				INFOPLIST_KEY_UIApplicationSceneManifest_Generation = YES;
				INFOPLIST_KEY_UIApplicationSupportsIndirectInputEvents = YES;
				INFOPLIST_KEY_UILaunchScreen_Generation = YES;
				INFOPLIST_KEY_UISupportedInterfaceOrientations_iPad = "UIInterfaceOrientationPortrait UIInterfaceOrientationPortraitUpsideDown UIInterfaceOrientationLandscapeLeft UIInterfaceOrientationLandscapeRight";
				INFOPLIST_KEY_UISupportedInterfaceOrientations_iPhone = "UIInterfaceOrientationPortrait UIInterfaceOrientationLandscapeLeft UIInterfaceOrientationLandscapeRight";
				LD_RUNPATH_SEARCH_PATHS = (
					"$(inherited)",
					"@executable_path/Frameworks",
				);
				MARKETING_VERSION = 1.0;
				PRODUCT_BUNDLE_IDENTIFIER = "com.kenta-suzuki.TestCICDWithBitrise";
				PRODUCT_NAME = "$(TARGET_NAME)";
				SWIFT_EMIT_LOC_STRINGS = YES;
				SWIFT_VERSION = 5.0;
				TARGETED_DEVICE_FAMILY = "1,2";
			};
			name = Release;
		};
		830E20DD2DD3782100E874E9 /* Debug */ = {
			isa = XCBuildConfiguration;
			buildSettings = {
				BUNDLE_LOADER = "$(TEST_HOST)";
				CODE_SIGN_STYLE = Automatic;
				CURRENT_PROJECT_VERSION = 1;
				DEVELOPMENT_TEAM = L35MVZ453P;
				GENERATE_INFOPLIST_FILE = YES;
				IPHONEOS_DEPLOYMENT_TARGET = 18.2;
				MARKETING_VERSION = 1.0;
				PRODUCT_BUNDLE_IDENTIFIER = "com.kenta-suzuki.TestCICDWithBitriseTests";
				PRODUCT_NAME = "$(TARGET_NAME)";
				SWIFT_EMIT_LOC_STRINGS = NO;
				SWIFT_VERSION = 5.0;
				TARGETED_DEVICE_FAMILY = "1,2";
				TEST_HOST = "$(BUILT_PRODUCTS_DIR)/TestCICDWithBitrise.app/$(BUNDLE_EXECUTABLE_FOLDER_PATH)/TestCICDWithBitrise";
			};
			name = Debug;
		};
		830E20DE2DD3782100E874E9 /* Release */ = {
			isa = XCBuildConfiguration;
			buildSettings = {
				BUNDLE_LOADER = "$(TEST_HOST)";
				CODE_SIGN_STYLE = Automatic;
				CURRENT_PROJECT_VERSION = 1;
				DEVELOPMENT_TEAM = L35MVZ453P;
				GENERATE_INFOPLIST_FILE = YES;
				IPHONEOS_DEPLOYMENT_TARGET = 18.2;
				MARKETING_VERSION = 1.0;
				PRODUCT_BUNDLE_IDENTIFIER = "com.kenta-suzuki.TestCICDWithBitriseTests";
				PRODUCT_NAME = "$(TARGET_NAME)";
				SWIFT_EMIT_LOC_STRINGS = NO;
				SWIFT_VERSION = 5.0;
				TARGETED_DEVICE_FAMILY = "1,2";
				TEST_HOST = "$(BUILT_PRODUCTS_DIR)/TestCICDWithBitrise.app/$(BUNDLE_EXECUTABLE_FOLDER_PATH)/TestCICDWithBitrise";
			};
			name = Release;
		};
		830E20E02DD3782100E874E9 /* Debug */ = {
			isa = XCBuildConfiguration;
			buildSettings = {
				CODE_SIGN_STYLE = Automatic;
				CURRENT_PROJECT_VERSION = 1;
				DEVELOPMENT_TEAM = L35MVZ453P;
				GENERATE_INFOPLIST_FILE = YES;
				MARKETING_VERSION = 1.0;
				PRODUCT_BUNDLE_IDENTIFIER = "com.kenta-suzuki.TestCICDWithBitriseUITests";
				PRODUCT_NAME = "$(TARGET_NAME)";
				SWIFT_EMIT_LOC_STRINGS = NO;
				SWIFT_VERSION = 5.0;
				TARGETED_DEVICE_FAMILY = "1,2";
				TEST_TARGET_NAME = TestCICDWithBitrise;
			};
			name = Debug;
		};
		830E20E12DD3782100E874E9 /* Release */ = {
			isa = XCBuildConfiguration;
			buildSettings = {
				CODE_SIGN_STYLE = Automatic;
				CURRENT_PROJECT_VERSION = 1;
				DEVELOPMENT_TEAM = L35MVZ453P;
				GENERATE_INFOPLIST_FILE = YES;
				MARKETING_VERSION = 1.0;
				PRODUCT_BUNDLE_IDENTIFIER = "com.kenta-suzuki.TestCICDWithBitriseUITests";
				PRODUCT_NAME = "$(TARGET_NAME)";
				SWIFT_EMIT_LOC_STRINGS = NO;
				SWIFT_VERSION = 5.0;
				TARGETED_DEVICE_FAMILY = "1,2";
				TEST_TARGET_NAME = TestCICDWithBitrise;
			};
			name = Release;
		};
/* End XCBuildConfiguration section */

/* Begin XCConfigurationList section */
		830E20B02DD3781E00E874E9 /* Build configuration list for PBXProject "TestCICDWithBitrise" */ = {
			isa = XCConfigurationList;
			buildConfigurations = (
				830E20D72DD3782100E874E9 /* Debug */,
				830E20D82DD3782100E874E9 /* Release */,
			);
			defaultConfigurationIsVisible = 0;
			defaultConfigurationName = Release;
		};
		830E20D92DD3782100E874E9 /* Build configuration list for PBXNativeTarget "TestCICDWithBitrise" */ = {
			isa = XCConfigurationList;
			buildConfigurations = (
				830E20DA2DD3782100E874E9 /* Debug */,
				830E20DB2DD3782100E874E9 /* Release */,
			);
			defaultConfigurationIsVisible = 0;
			defaultConfigurationName = Release;
		};
		830E20DC2DD3782100E874E9 /* Build configuration list for PBXNativeTarget "TestCICDWithBitriseTests" */ = {
			isa = XCConfigurationList;
			buildConfigurations = (
				830E20DD2DD3782100E874E9 /* Debug */,
				830E20DE2DD3782100E874E9 /* Release */,
			);
			defaultConfigurationIsVisible = 0;
			defaultConfigurationName = Release;
		};
		830E20DF2DD3782100E874E9 /* Build configuration list for PBXNativeTarget "TestCICDWithBitriseUITests" */ = {
			isa = XCConfigurationList;
			buildConfigurations = (
				830E20E02DD3782100E874E9 /* Debug */,
				830E20E12DD3782100E874E9 /* Release */,
			);
			defaultConfigurationIsVisible = 0;
			defaultConfigurationName = Release;
		};
/* End XCConfigurationList section */
	};
	rootObject = 830E20AD2DD3781E00E874E9 /* Project object */;
}
